
Microsoft Visual Studio Solution File, Format Version 12.00
# Visual Studio 15
VisualStudioVersion = 15.0.28307.271
MinimumVisualStudioVersion = 10.0.40219.1
Project("{FAE04EC0-301F-11D3-BF4B-00C04F79EFBC}") = "RockPaperScizzorsLizardSpock", "RockPaperScizzorsLizardSpock.csproj", "{AE87FD67-743F-4FD5-A89C-5A77C9A06BDA}"
EndProject
Global
	GlobalSection(SolutionConfigurationPlatforms) = preSolution
		Debug|Any CPU = Debug|Any CPU
		Release|Any CPU = Release|Any CPU
	EndGlobalSection
	GlobalSection(ProjectConfigurationPlatforms) = postSolution
		{AE87FD67-743F-4FD5-A89C-5A77C9A06BDA}.Debug|Any CPU.ActiveCfg = Debug|Any CPU
		{AE87FD67-743F-4FD5-A89C-5A77C9A06BDA}.Debug|Any CPU.Build.0 = Debug|Any CPU
		{AE87FD67-743F-4FD5-A89C-5A77C9A06BDA}.Release|Any CPU.ActiveCfg = Release|Any CPU
		{AE87FD67-743F-4FD5-A89C-5A77C9A06BDA}.Release|Any CPU.Build.0 = Release|Any CPU
	EndGlobalSection
	GlobalSection(SolutionProperties) = preSolution
		HideSolutionNode = FALSE
	EndGlobalSection
	GlobalSection(ExtensibilityGlobals) = postSolution
		SolutionGuid = {221EA09A-5828-4CE1-8538-69AA1FF05481}
	EndGlobalSection
EndGlobal
